
Microsoft Visual Studio Solution File, Format Version 12.00
# Visual Studio Version 17
VisualStudioVersion = 17.5.33530.505
MinimumVisualStudioVersion = 10.0.40219.1
Project("{FAE04EC0-301F-11D3-BF4B-00C04F79EFBC}") = "Pixel.Automation.Agents.Core", "src\Pixel.Automation.Agents.Core\Pixel.Automation.Agents.Core.csproj", "{F353E57C-2705-46D1-AB56-7CD6FEA49CF5}"
EndProject
Project("{FAE04EC0-301F-11D3-BF4B-00C04F79EFBC}") = "Pixel.Automation.Server.Agent", "src\Pixel.Automation.Server.Agent\Pixel.Automation.Server.Agent.csproj", "{82A263DA-80B8-45E1-AEA1-6174DD34D9B0}"
EndProject
Project("{FAE04EC0-301F-11D3-BF4B-00C04F79EFBC}") = "Pixel.Automation.Docker.Agent", "src\Pixel.Automation.Docker.Agent\Pixel.Automation.Docker.Agent.csproj", "{5EB153A6-7351-4845-BBA7-0550B810EC2E}"
EndProject
Global
	GlobalSection(SolutionConfigurationPlatforms) = preSolution
		Debug|Any CPU = Debug|Any CPU
		Release|Any CPU = Release|Any CPU
	EndGlobalSection
	GlobalSection(ProjectConfigurationPlatforms) = postSolution
		{F353E57C-2705-46D1-AB56-7CD6FEA49CF5}.Debug|Any CPU.ActiveCfg = Debug|Any CPU
		{F353E57C-2705-46D1-AB56-7CD6FEA49CF5}.Debug|Any CPU.Build.0 = Debug|Any CPU
		{F353E57C-2705-46D1-AB56-7CD6FEA49CF5}.Release|Any CPU.ActiveCfg = Release|Any CPU
		{F353E57C-2705-46D1-AB56-7CD6FEA49CF5}.Release|Any CPU.Build.0 = Release|Any CPU
		{82A263DA-80B8-45E1-AEA1-6174DD34D9B0}.Debug|Any CPU.ActiveCfg = Debug|Any CPU
		{82A263DA-80B8-45E1-AEA1-6174DD34D9B0}.Debug|Any CPU.Build.0 = Debug|Any CPU
		{82A263DA-80B8-45E1-AEA1-6174DD34D9B0}.Release|Any CPU.ActiveCfg = Release|Any CPU
		{82A263DA-80B8-45E1-AEA1-6174DD34D9B0}.Release|Any CPU.Build.0 = Release|Any CPU
		{5EB153A6-7351-4845-BBA7-0550B810EC2E}.Debug|Any CPU.ActiveCfg = Debug|Any CPU
		{5EB153A6-7351-4845-BBA7-0550B810EC2E}.Debug|Any CPU.Build.0 = Debug|Any CPU
		{5EB153A6-7351-4845-BBA7-0550B810EC2E}.Release|Any CPU.ActiveCfg = Release|Any CPU
		{5EB153A6-7351-4845-BBA7-0550B810EC2E}.Release|Any CPU.Build.0 = Release|Any CPU
	EndGlobalSection
	GlobalSection(SolutionProperties) = preSolution
		HideSolutionNode = FALSE
	EndGlobalSection
	GlobalSection(ExtensibilityGlobals) = postSolution
		SolutionGuid = {5F892441-20AF-451C-A83F-A0671A699215}
	EndGlobalSection
EndGlobal
